{
    "_readme": [
        "This file locks the dependencies of your project to a known state",
        "Read more about it at https://getcomposer.org/doc/01-basic-usage.md#installing-dependencies",
        "This file is @generated automatically"
    ],
    "content-hash": "feb68e09a7def8299d2ac66f7c846090",
    "packages": [
        {
            "name": "aristath/kirki",
            "version": "v3.0.45",
            "source": {
                "type": "git",
                "url": "https://github.com/aristath/kirki.git",
                "reference": "5045850cfdfd319c9354fec46c333a140509b098"
            },
            "dist": {
                "type": "zip",
                "url": "https://api.github.com/repos/aristath/kirki/zipball/5045850cfdfd319c9354fec46c333a140509b098",
                "reference": "5045850cfdfd319c9354fec46c333a140509b098",
                "shasum": ""
            },
            "require": {
                "php": ">=5.2"
            },
            "require-dev": {
                "codacy/coverage": "dev-master",
                "composer/installers": "*",
                "dealerdirect/phpcodesniffer-composer-installer": "*",
                "php-coveralls/php-coveralls": "^2.0",
                "phpcompatibility/phpcompatibility-wp": "*",
                "phpunit/phpunit": "*",
                "wp-coding-standards/wpcs": "*"
            },
            "type": "library",
            "notification-url": "https://packagist.org/downloads/",
            "include-path": [
                ".",
                "core"
            ],
            "license": [
                "MIT"
            ],
            "authors": [
                {
                    "name": "aristath",
                    "email": "aristath@gmail.com",
                    "homepage": "https://aristath.github.io",
                    "role": "Developer"
                }
            ],
            "description": "Extending the WordPress customizer",
            "homepage": "https://kirki.org",
            "keywords": [
                "customizer",
                "wordpress"
            ],
            "time": "2019-09-01T06:56:49+00:00"
        }
    ],
    "packages-dev": [],
    "aliases": [],
    "minimum-stability": "stable",
    "stability-flags": [],
    "prefer-stable": false,
    "prefer-lowest": false,
    "platform": [],
    "platform-dev": []
}
